
Microsoft Visual Studio Solution File, Format Version 12.00
# Visual Studio 14
VisualStudioVersion = 14.0.25420.1
MinimumVisualStudioVersion = 10.0.40219.1
Project("{FAE04EC0-301F-11D3-BF4B-00C04F79EFBC}") = "Trading.Common", "Trading.Common\Trading.Common.csproj", "{0655B3C3-4B5B-4D2F-B721-8EBA6C74BE2F}"
EndProject
Project("{2150E333-8FDC-42A3-9474-1A3956D46DE8}") = "Brokers", "Brokers", "{1FEF9F0B-5170-4C27-B7BD-30DD3C57A636}"
EndProject
Project("{2150E333-8FDC-42A3-9474-1A3956D46DE8}") = "DataProviders", "DataProviders", "{713DB1CE-2E90-46A0-9D99-F6EE9B3B9DD0}"
EndProject
Project("{2150E333-8FDC-42A3-9474-1A3956D46DE8}") = "Analyzers", "Analyzers", "{9A463DEA-672B-4B8F-B1E0-8AEADC2137DF}"
EndProject
Project("{2150E333-8FDC-42A3-9474-1A3956D46DE8}") = "Strategies", "Strategies", "{650C3A51-49D6-43C6-A234-703E96D2F779}"
EndProject
Project("{FAE04EC0-301F-11D3-BF4B-00C04F79EFBC}") = "Trading.DataProviders.Interfaces", "Trading.DataProviders\Trading.DataProviders.Interfaces.csproj", "{F56906E6-E201-4C15-BFB1-980D99BB3884}"
EndProject
Project("{FAE04EC0-301F-11D3-BF4B-00C04F79EFBC}") = "Trading.Analyzers.Common", "Trading.Analyzers.Common\Trading.Analyzers.Common.csproj", "{BB95D2E4-9158-43F9-8E25-19483333175C}"
EndProject
Project("{FAE04EC0-301F-11D3-BF4B-00C04F79EFBC}") = "ConsoleApp1", "ConsoleApp1\ConsoleApp1.csproj", "{756173F5-2A8E-4B00-9A11-512954A2AED3}"
EndProject
Project("{FAE04EC0-301F-11D3-BF4B-00C04F79EFBC}") = "Trading.Brokers.Fxcm", "Trading.Brokers.Fxcm\Trading.Brokers.Fxcm.csproj", "{38995AFF-7180-4F8C-A902-A68D268138BF}"
EndProject
Project("{FAE04EC0-301F-11D3-BF4B-00C04F79EFBC}") = "Trading.Analyzers.LegAnalyzer", "Trading.Analyzers.LegAnalyzer\Trading.Analyzers.LegAnalyzer.csproj", "{28108A74-5D38-4C8D-8389-4C0561C7FD93}"
EndProject
Project("{FAE04EC0-301F-11D3-BF4B-00C04F79EFBC}") = "UnitTestProject1", "UnitTestProject1\UnitTestProject1.csproj", "{4BABB8E1-17EE-48F3-B64A-E671C1E17CE4}"
EndProject
Project("{FAE04EC0-301F-11D3-BF4B-00C04F79EFBC}") = "WindowsFormsApp", "WindowsFormsApp\WindowsFormsApp.csproj", "{AD4AF80D-9089-400A-BC0C-BCB0B86C7F5A}"
EndProject
Project("{2150E333-8FDC-42A3-9474-1A3956D46DE8}") = "LegAnalyzer", "LegAnalyzer", "{87841894-D083-4D90-ABC9-62C63A60D2A3}"
EndProject
Project("{2150E333-8FDC-42A3-9474-1A3956D46DE8}") = "PatternAnalyzer", "PatternAnalyzer", "{40B630C9-D464-49E5-9611-55910820A460}"
EndProject
Project("{FAE04EC0-301F-11D3-BF4B-00C04F79EFBC}") = "Trading.Analyzers.PatternAnalyzer", "Trading.Analyzers.PatternAnalyzer\Trading.Analyzers.PatternAnalyzer.csproj", "{4DB58E7C-0B17-49CC-ABA8-763F25428817}"
EndProject
Project("{2150E333-8FDC-42A3-9474-1A3956D46DE8}") = "DataBases", "DataBases", "{A7C7D23A-84B0-4A3C-BD9C-C8175DC3010D}"
EndProject
Project("{FAE04EC0-301F-11D3-BF4B-00C04F79EFBC}") = "Trading.Databases.Interfaces", "Trading.Databases.Interfaces\Trading.Databases.Interfaces.csproj", "{35CEF0FC-636C-4C15-B07C-99C6C5B93439}"
EndProject
Project("{2150E333-8FDC-42A3-9474-1A3956D46DE8}") = "DataManager", "DataManager", "{901DDDA7-1F0A-404B-B44F-4BC8F123E4A9}"
EndProject
Project("{FAE04EC0-301F-11D3-BF4B-00C04F79EFBC}") = "Trading.DataBases.TextFileDataBase", "TextFileDataBase\Trading.DataBases.TextFileDataBase.csproj", "{A555290A-9076-4A96-9162-083F56C59548}"
EndProject
Project("{FAE04EC0-301F-11D3-BF4B-00C04F79EFBC}") = "Trading.DataManager", "Trading.DataManager\Trading.DataManager.csproj", "{E95F8145-B29C-4FAF-85AF-495C5420C889}"
EndProject
Global
	GlobalSection(SolutionConfigurationPlatforms) = preSolution
		Debug|Any CPU = Debug|Any CPU
		Release|Any CPU = Release|Any CPU
	EndGlobalSection
	GlobalSection(ProjectConfigurationPlatforms) = postSolution
		{0655B3C3-4B5B-4D2F-B721-8EBA6C74BE2F}.Debug|Any CPU.ActiveCfg = Debug|Any CPU
		{0655B3C3-4B5B-4D2F-B721-8EBA6C74BE2F}.Debug|Any CPU.Build.0 = Debug|Any CPU
		{0655B3C3-4B5B-4D2F-B721-8EBA6C74BE2F}.Release|Any CPU.ActiveCfg = Release|Any CPU
		{0655B3C3-4B5B-4D2F-B721-8EBA6C74BE2F}.Release|Any CPU.Build.0 = Release|Any CPU
		{F56906E6-E201-4C15-BFB1-980D99BB3884}.Debug|Any CPU.ActiveCfg = Debug|Any CPU
		{F56906E6-E201-4C15-BFB1-980D99BB3884}.Debug|Any CPU.Build.0 = Debug|Any CPU
		{F56906E6-E201-4C15-BFB1-980D99BB3884}.Release|Any CPU.ActiveCfg = Release|Any CPU
		{F56906E6-E201-4C15-BFB1-980D99BB3884}.Release|Any CPU.Build.0 = Release|Any CPU
		{BB95D2E4-9158-43F9-8E25-19483333175C}.Debug|Any CPU.ActiveCfg = Debug|Any CPU
		{BB95D2E4-9158-43F9-8E25-19483333175C}.Debug|Any CPU.Build.0 = Debug|Any CPU
		{BB95D2E4-9158-43F9-8E25-19483333175C}.Release|Any CPU.ActiveCfg = Release|Any CPU
		{BB95D2E4-9158-43F9-8E25-19483333175C}.Release|Any CPU.Build.0 = Release|Any CPU
		{756173F5-2A8E-4B00-9A11-512954A2AED3}.Debug|Any CPU.ActiveCfg = Debug|Any CPU
		{756173F5-2A8E-4B00-9A11-512954A2AED3}.Debug|Any CPU.Build.0 = Debug|Any CPU
		{756173F5-2A8E-4B00-9A11-512954A2AED3}.Release|Any CPU.ActiveCfg = Release|Any CPU
		{756173F5-2A8E-4B00-9A11-512954A2AED3}.Release|Any CPU.Build.0 = Release|Any CPU
		{38995AFF-7180-4F8C-A902-A68D268138BF}.Debug|Any CPU.ActiveCfg = Debug|Any CPU
		{38995AFF-7180-4F8C-A902-A68D268138BF}.Debug|Any CPU.Build.0 = Debug|Any CPU
		{38995AFF-7180-4F8C-A902-A68D268138BF}.Release|Any CPU.ActiveCfg = Release|Any CPU
		{38995AFF-7180-4F8C-A902-A68D268138BF}.Release|Any CPU.Build.0 = Release|Any CPU
		{28108A74-5D38-4C8D-8389-4C0561C7FD93}.Debug|Any CPU.ActiveCfg = Debug|Any CPU
		{28108A74-5D38-4C8D-8389-4C0561C7FD93}.Debug|Any CPU.Build.0 = Debug|Any CPU
		{28108A74-5D38-4C8D-8389-4C0561C7FD93}.Release|Any CPU.ActiveCfg = Release|Any CPU
		{28108A74-5D38-4C8D-8389-4C0561C7FD93}.Release|Any CPU.Build.0 = Release|Any CPU
		{4BABB8E1-17EE-48F3-B64A-E671C1E17CE4}.Debug|Any CPU.ActiveCfg = Debug|Any CPU
		{4BABB8E1-17EE-48F3-B64A-E671C1E17CE4}.Debug|Any CPU.Build.0 = Debug|Any CPU
		{4BABB8E1-17EE-48F3-B64A-E671C1E17CE4}.Release|Any CPU.ActiveCfg = Release|Any CPU
		{4BABB8E1-17EE-48F3-B64A-E671C1E17CE4}.Release|Any CPU.Build.0 = Release|Any CPU
		{AD4AF80D-9089-400A-BC0C-BCB0B86C7F5A}.Debug|Any CPU.ActiveCfg = Debug|Any CPU
		{AD4AF80D-9089-400A-BC0C-BCB0B86C7F5A}.Debug|Any CPU.Build.0 = Debug|Any CPU
		{AD4AF80D-9089-400A-BC0C-BCB0B86C7F5A}.Release|Any CPU.ActiveCfg = Release|Any CPU
		{AD4AF80D-9089-400A-BC0C-BCB0B86C7F5A}.Release|Any CPU.Build.0 = Release|Any CPU
		{4DB58E7C-0B17-49CC-ABA8-763F25428817}.Debug|Any CPU.ActiveCfg = Debug|Any CPU
		{4DB58E7C-0B17-49CC-ABA8-763F25428817}.Debug|Any CPU.Build.0 = Debug|Any CPU
		{4DB58E7C-0B17-49CC-ABA8-763F25428817}.Release|Any CPU.ActiveCfg = Release|Any CPU
		{4DB58E7C-0B17-49CC-ABA8-763F25428817}.Release|Any CPU.Build.0 = Release|Any CPU
		{35CEF0FC-636C-4C15-B07C-99C6C5B93439}.Debug|Any CPU.ActiveCfg = Debug|Any CPU
		{35CEF0FC-636C-4C15-B07C-99C6C5B93439}.Debug|Any CPU.Build.0 = Debug|Any CPU
		{35CEF0FC-636C-4C15-B07C-99C6C5B93439}.Release|Any CPU.ActiveCfg = Release|Any CPU
		{35CEF0FC-636C-4C15-B07C-99C6C5B93439}.Release|Any CPU.Build.0 = Release|Any CPU
		{A555290A-9076-4A96-9162-083F56C59548}.Debug|Any CPU.ActiveCfg = Debug|Any CPU
		{A555290A-9076-4A96-9162-083F56C59548}.Debug|Any CPU.Build.0 = Debug|Any CPU
		{A555290A-9076-4A96-9162-083F56C59548}.Release|Any CPU.ActiveCfg = Release|Any CPU
		{A555290A-9076-4A96-9162-083F56C59548}.Release|Any CPU.Build.0 = Release|Any CPU
		{E95F8145-B29C-4FAF-85AF-495C5420C889}.Debug|Any CPU.ActiveCfg = Debug|Any CPU
		{E95F8145-B29C-4FAF-85AF-495C5420C889}.Debug|Any CPU.Build.0 = Debug|Any CPU
		{E95F8145-B29C-4FAF-85AF-495C5420C889}.Release|Any CPU.ActiveCfg = Release|Any CPU
		{E95F8145-B29C-4FAF-85AF-495C5420C889}.Release|Any CPU.Build.0 = Release|Any CPU
	EndGlobalSection
	GlobalSection(SolutionProperties) = preSolution
		HideSolutionNode = FALSE
	EndGlobalSection
	GlobalSection(NestedProjects) = preSolution
		{F56906E6-E201-4C15-BFB1-980D99BB3884} = {713DB1CE-2E90-46A0-9D99-F6EE9B3B9DD0}
		{BB95D2E4-9158-43F9-8E25-19483333175C} = {9A463DEA-672B-4B8F-B1E0-8AEADC2137DF}
		{38995AFF-7180-4F8C-A902-A68D268138BF} = {1FEF9F0B-5170-4C27-B7BD-30DD3C57A636}
		{28108A74-5D38-4C8D-8389-4C0561C7FD93} = {87841894-D083-4D90-ABC9-62C63A60D2A3}
		{87841894-D083-4D90-ABC9-62C63A60D2A3} = {9A463DEA-672B-4B8F-B1E0-8AEADC2137DF}
		{40B630C9-D464-49E5-9611-55910820A460} = {9A463DEA-672B-4B8F-B1E0-8AEADC2137DF}
		{4DB58E7C-0B17-49CC-ABA8-763F25428817} = {40B630C9-D464-49E5-9611-55910820A460}
		{35CEF0FC-636C-4C15-B07C-99C6C5B93439} = {A7C7D23A-84B0-4A3C-BD9C-C8175DC3010D}
		{A555290A-9076-4A96-9162-083F56C59548} = {A7C7D23A-84B0-4A3C-BD9C-C8175DC3010D}
		{E95F8145-B29C-4FAF-85AF-495C5420C889} = {901DDDA7-1F0A-404B-B44F-4BC8F123E4A9}
	EndGlobalSection
	GlobalSection(ExtensibilityGlobals) = postSolution
		SolutionGuid = {FD5A9B62-3E83-4145-9C10-7C452B8FA9F0}
	EndGlobalSection
EndGlobal
